
Microsoft Visual Studio Solution File, Format Version 12.00
# Visual Studio Version 17
VisualStudioVersion = 17.2.32630.192
MinimumVisualStudioVersion = 10.0.40219.1
Project("{9A19103F-16F7-4668-BE54-9A1E7A4F7556}") = "App.Tests", "App.Tests\App.Tests.csproj", "{8DCE057F-13D5-4883-8E66-63FCBA254928}"
EndProject
Project("{FAE04EC0-301F-11D3-BF4B-00C04F79EFBC}") = "App.API", "App.API\App.API.csproj", "{818B8960-424E-47AC-BE56-AAEC45935383}"
EndProject
Global
	GlobalSection(SolutionConfigurationPlatforms) = preSolution
		Debug|Any CPU = Debug|Any CPU
		Release|Any CPU = Release|Any CPU
	EndGlobalSection
	GlobalSection(ProjectConfigurationPlatforms) = postSolution
		{8DCE057F-13D5-4883-8E66-63FCBA254928}.Debug|Any CPU.ActiveCfg = Debug|Any CPU
		{8DCE057F-13D5-4883-8E66-63FCBA254928}.Debug|Any CPU.Build.0 = Debug|Any CPU
		{8DCE057F-13D5-4883-8E66-63FCBA254928}.Release|Any CPU.ActiveCfg = Release|Any CPU
		{8DCE057F-13D5-4883-8E66-63FCBA254928}.Release|Any CPU.Build.0 = Release|Any CPU
		{818B8960-424E-47AC-BE56-AAEC45935383}.Debug|Any CPU.ActiveCfg = Debug|Any CPU
		{818B8960-424E-47AC-BE56-AAEC45935383}.Debug|Any CPU.Build.0 = Debug|Any CPU
		{818B8960-424E-47AC-BE56-AAEC45935383}.Release|Any CPU.ActiveCfg = Release|Any CPU
		{818B8960-424E-47AC-BE56-AAEC45935383}.Release|Any CPU.Build.0 = Release|Any CPU
	EndGlobalSection
	GlobalSection(SolutionProperties) = preSolution
		HideSolutionNode = FALSE
	EndGlobalSection
	GlobalSection(ExtensibilityGlobals) = postSolution
		SolutionGuid = {882AF1D1-6E08-4729-9D13-65E19283653F}
	EndGlobalSection
EndGlobal
